
Microsoft Visual Studio Solution File, Format Version 12.00
# Visual Studio Version 17
VisualStudioVersion = 17.6.33815.320
MinimumVisualStudioVersion = 10.0.40219.1
Project("{FAE04EC0-301F-11D3-BF4B-00C04F79EFBC}") = "TaskManagementSystem", "TaskManagementSystem.csproj", "{6EE47DA8-26D1-45A5-B9A5-4C481986AC12}"
EndProject
Global
	GlobalSection(SolutionConfigurationPlatforms) = preSolution
		Debug|Any CPU = Debug|Any CPU
		Release|Any CPU = Release|Any CPU
	EndGlobalSection
	GlobalSection(ProjectConfigurationPlatforms) = postSolution
		{6EE47DA8-26D1-45A5-B9A5-4C481986AC12}.Debug|Any CPU.ActiveCfg = Debug|Any CPU
		{6EE47DA8-26D1-45A5-B9A5-4C481986AC12}.Debug|Any CPU.Build.0 = Debug|Any CPU
		{6EE47DA8-26D1-45A5-B9A5-4C481986AC12}.Release|Any CPU.ActiveCfg = Release|Any CPU
		{6EE47DA8-26D1-45A5-B9A5-4C481986AC12}.Release|Any CPU.Build.0 = Release|Any CPU
	EndGlobalSection
	GlobalSection(SolutionProperties) = preSolution
		HideSolutionNode = FALSE
	EndGlobalSection
	GlobalSection(ExtensibilityGlobals) = postSolution
		SolutionGuid = {8B63E048-F411-404C-9139-0D3CC8FAA1AC}
	EndGlobalSection
EndGlobal
